
Microsoft Visual Studio Solution File, Format Version 12.00
# Visual Studio Version 17
VisualStudioVersion = 17.8.34525.116
MinimumVisualStudioVersion = 10.0.40219.1
Project("{FAE04EC0-301F-11D3-BF4B-00C04F79EFBC}") = "MauiAppFilmes", "MauiAppFilmes\MauiAppFilmes.csproj", "{CE37C289-3D6F-4F43-92E3-9FA6CE369A17}"
EndProject
Global
	GlobalSection(SolutionConfigurationPlatforms) = preSolution
		Debug|Any CPU = Debug|Any CPU
		Release|Any CPU = Release|Any CPU
	EndGlobalSection
	GlobalSection(ProjectConfigurationPlatforms) = postSolution
		{CE37C289-3D6F-4F43-92E3-9FA6CE369A17}.Debug|Any CPU.ActiveCfg = Debug|Any CPU
		{CE37C289-3D6F-4F43-92E3-9FA6CE369A17}.Debug|Any CPU.Build.0 = Debug|Any CPU
		{CE37C289-3D6F-4F43-92E3-9FA6CE369A17}.Debug|Any CPU.Deploy.0 = Debug|Any CPU
		{CE37C289-3D6F-4F43-92E3-9FA6CE369A17}.Release|Any CPU.ActiveCfg = Release|Any CPU
		{CE37C289-3D6F-4F43-92E3-9FA6CE369A17}.Release|Any CPU.Build.0 = Release|Any CPU
		{CE37C289-3D6F-4F43-92E3-9FA6CE369A17}.Release|Any CPU.Deploy.0 = Release|Any CPU
	EndGlobalSection
	GlobalSection(SolutionProperties) = preSolution
		HideSolutionNode = FALSE
	EndGlobalSection
	GlobalSection(ExtensibilityGlobals) = postSolution
		SolutionGuid = {3824CED2-D55B-4EB8-9E9F-75FCD705D7F8}
	EndGlobalSection
EndGlobal
